
Microsoft Visual Studio Solution File, Format Version 11.00
# Visual Studio 2010
Project("{FAE04EC0-301F-11D3-BF4B-00C04F79EFBC}") = "RedParser", "RedParser\RedParser.csproj", "{344903DA-6482-40FF-949D-26DB1A7C73AE}"
EndProject
Global
	GlobalSection(SolutionConfigurationPlatforms) = preSolution
		Debug|Any CPU = Debug|Any CPU
		Release|Any CPU = Release|Any CPU
	EndGlobalSection
	GlobalSection(ProjectConfigurationPlatforms) = postSolution
		{344903DA-6482-40FF-949D-26DB1A7C73AE}.Debug|Any CPU.ActiveCfg = Debug|Any CPU
		{344903DA-6482-40FF-949D-26DB1A7C73AE}.Debug|Any CPU.Build.0 = Debug|Any CPU
		{344903DA-6482-40FF-949D-26DB1A7C73AE}.Release|Any CPU.ActiveCfg = Release|Any CPU
		{344903DA-6482-40FF-949D-26DB1A7C73AE}.Release|Any CPU.Build.0 = Release|Any CPU
	EndGlobalSection
	GlobalSection(SolutionProperties) = preSolution
		HideSolutionNode = FALSE
	EndGlobalSection
EndGlobal
